
Microsoft Visual Studio Solution File, Format Version 12.00
# Visual Studio Version 17
VisualStudioVersion = 17.8.34330.188
MinimumVisualStudioVersion = 10.0.40219.1
Project("{FAE04EC0-301F-11D3-BF4B-00C04F79EFBC}") = "Test", "Test\Test.csproj", "{797FA801-445B-40D9-A245-29F08CC28B0A}"
EndProject
Global
	GlobalSection(SolutionConfigurationPlatforms) = preSolution
		Debug|Any CPU = Debug|Any CPU
		Release|Any CPU = Release|Any CPU
	EndGlobalSection
	GlobalSection(ProjectConfigurationPlatforms) = postSolution
		{797FA801-445B-40D9-A245-29F08CC28B0A}.Debug|Any CPU.ActiveCfg = Debug|Any CPU
		{797FA801-445B-40D9-A245-29F08CC28B0A}.Debug|Any CPU.Build.0 = Debug|Any CPU
		{797FA801-445B-40D9-A245-29F08CC28B0A}.Release|Any CPU.ActiveCfg = Release|Any CPU
		{797FA801-445B-40D9-A245-29F08CC28B0A}.Release|Any CPU.Build.0 = Release|Any CPU
	EndGlobalSection
	GlobalSection(SolutionProperties) = preSolution
		HideSolutionNode = FALSE
	EndGlobalSection
	GlobalSection(ExtensibilityGlobals) = postSolution
		SolutionGuid = {308B88B1-0590-4FE9-8494-73A3BC5763B8}
	EndGlobalSection
EndGlobal
